// !$*UTF8*$!
{
	archiveVersion = 1;
	classes = {
	};
	objectVersion = 46;
	objects = {

/* Begin PBXBuildFile section */
		ECE329721B329C48002E7B36 /* main.m in Sources */ = {isa = PBXBuildFile; fileRef = ECE329711B329C48002E7B36 /* main.m */; };
		ECE329751B329C48002E7B36 /* AppDelegate.m in Sources */ = {isa = PBXBuildFile; fileRef = ECE329741B329C48002E7B36 /* AppDelegate.m */; };
		ECE329781B329C48002E7B36 /* ViewController.m in Sources */ = {isa = PBXBuildFile; fileRef = ECE329771B329C48002E7B36 /* ViewController.m */; };
		ECE3297B1B329C48002E7B36 /* Main.storyboard in Resources */ = {isa = PBXBuildFile; fileRef = ECE329791B329C48002E7B36 /* Main.storyboard */; };
		ECE3297D1B329C48002E7B36 /* Images.xcassets in Resources */ = {isa = PBXBuildFile; fileRef = ECE3297C1B329C48002E7B36 /* Images.xcassets */; };
		ECE329801B329C48002E7B36 /* LaunchScreen.xib in Resources */ = {isa = PBXBuildFile; fileRef = ECE3297E1B329C48002E7B36 /* LaunchScreen.xib */; };
		ECE3298C1B329C48002E7B36 /* GHExpParserTests.m in Sources */ = {isa = PBXBuildFile; fileRef = ECE3298B1B329C48002E7B36 /* GHExpParserTests.m */; };
		ECE3299A1B329CAC002E7B36 /* GHExpParser.m in Sources */ = {isa = PBXBuildFile; fileRef = ECE329971B329CAC002E7B36 /* GHExpParser.m */; };
		ECE3299B1B329CAC002E7B36 /* GHSingal.m in Sources */ = {isa = PBXBuildFile; fileRef = ECE329991B329CAC002E7B36 /* GHSingal.m */; };
/* End PBXBuildFile section */

/* Begin PBXContainerItemProxy section */
		ECE329861B329C48002E7B36 /* PBXContainerItemProxy */ = {
			isa = PBXContainerItemProxy;
			containerPortal = ECE329641B329C48002E7B36 /* Project object */;
			proxyType = 1;
			remoteGlobalIDString = ECE3296B1B329C48002E7B36;
			remoteInfo = GHExpParser;
		};
/* End PBXContainerItemProxy section */

/* Begin PBXFileReference section */
		ECE3296C1B329C48002E7B36 /* GHExpParser.app */ = {isa = PBXFileReference; explicitFileType = wrapper.application; includeInIndex = 0; path = GHExpParser.app; sourceTree = BUILT_PRODUCTS_DIR; };
		ECE329701B329C48002E7B36 /* Info.plist */ = {isa = PBXFileReference; lastKnownFileType = text.plist.xml; path = Info.plist; sourceTree = "<group>"; };
		ECE329711B329C48002E7B36 /* main.m */ = {isa = PBXFileReference; lastKnownFileType = sourcecode.c.objc; path = main.m; sourceTree = "<group>"; };
		ECE329731B329C48002E7B36 /* AppDelegate.h */ = {isa = PBXFileReference; lastKnownFileType = sourcecode.c.h; path = AppDelegate.h; sourceTree = "<group>"; };
		ECE329741B329C48002E7B36 /* AppDelegate.m */ = {isa = PBXFileReference; lastKnownFileType = sourcecode.c.objc; path = AppDelegate.m; sourceTree = "<group>"; };
		ECE329761B329C48002E7B36 /* ViewController.h */ = {isa = PBXFileReference; lastKnownFileType = sourcecode.c.h; path = ViewController.h; sourceTree = "<group>"; };
		ECE329771B329C48002E7B36 /* ViewController.m */ = {isa = PBXFileReference; lastKnownFileType = sourcecode.c.objc; path = ViewController.m; sourceTree = "<group>"; };
		ECE3297A1B329C48002E7B36 /* Base */ = {isa = PBXFileReference; lastKnownFileType = file.storyboard; name = Base; path = Base.lproj/Main.storyboard; sourceTree = "<group>"; };
		ECE3297C1B329C48002E7B36 /* Images.xcassets */ = {isa = PBXFileReference; lastKnownFileType = folder.assetcatalog; path = Images.xcassets; sourceTree = "<group>"; };
		ECE3297F1B329C48002E7B36 /* Base */ = {isa = PBXFileReference; lastKnownFileType = file.xib; name = Base; path = Base.lproj/LaunchScreen.xib; sourceTree = "<group>"; };
		ECE329851B329C48002E7B36 /* GHExpParserTests.xctest */ = {isa = PBXFileReference; explicitFileType = wrapper.cfbundle; includeInIndex = 0; path = GHExpParserTests.xctest; sourceTree = BUILT_PRODUCTS_DIR; };
		ECE3298A1B329C48002E7B36 /* Info.plist */ = {isa = PBXFileReference; lastKnownFileType = text.plist.xml; path = Info.plist; sourceTree = "<group>"; };
		ECE3298B1B329C48002E7B36 /* GHExpParserTests.m */ = {isa = PBXFileReference; lastKnownFileType = sourcecode.c.objc; path = GHExpParserTests.m; sourceTree = "<group>"; };
		ECE329961B329CAC002E7B36 /* GHExpParser.h */ = {isa = PBXFileReference; fileEncoding = 4; lastKnownFileType = sourcecode.c.h; path = GHExpParser.h; sourceTree = "<group>"; };
		ECE329971B329CAC002E7B36 /* GHExpParser.m */ = {isa = PBXFileReference; fileEncoding = 4; lastKnownFileType = sourcecode.c.objc; path = GHExpParser.m; sourceTree = "<group>"; };
		ECE329981B329CAC002E7B36 /* GHSingal.h */ = {isa = PBXFileReference; fileEncoding = 4; lastKnownFileType = sourcecode.c.h; path = GHSingal.h; sourceTree = "<group>"; };
		ECE329991B329CAC002E7B36 /* GHSingal.m */ = {isa = PBXFileReference; fileEncoding = 4; lastKnownFileType = sourcecode.c.objc; path = GHSingal.m; sourceTree = "<group>"; };
/* End PBXFileReference section */

/* Begin PBXFrameworksBuildPhase section */
		ECE329691B329C48002E7B36 /* Frameworks */ = {
			isa = PBXFrameworksBuildPhase;
			buildActionMask = 2147483647;
			files = (
			);
			runOnlyForDeploymentPostprocessing = 0;
		};
		ECE329821B329C48002E7B36 /* Frameworks */ = {
			isa = PBXFrameworksBuildPhase;
			buildActionMask = 2147483647;
			files = (
			);
			runOnlyForDeploymentPostprocessing = 0;
		};
/* End PBXFrameworksBuildPhase section */

/* Begin PBXGroup section */
		ECE329631B329C48002E7B36 = {
			isa = PBXGroup;
			children = (
				ECE3296E1B329C48002E7B36 /* GHExpParser */,
				ECE329881B329C48002E7B36 /* GHExpParserTests */,
				ECE3296D1B329C48002E7B36 /* Products */,
			);
			sourceTree = "<group>";
		};
		ECE3296D1B329C48002E7B36 /* Products */ = {
			isa = PBXGroup;
			children = (
				ECE3296C1B329C48002E7B36 /* GHExpParser.app */,
				ECE329851B329C48002E7B36 /* GHExpParserTests.xctest */,
			);
			name = Products;
			sourceTree = "<group>";
		};
		ECE3296E1B329C48002E7B36 /* GHExpParser */ = {
			isa = PBXGroup;
			children = (
				ECE329951B329CAC002E7B36 /* GHExpParserLib */,
				ECE329731B329C48002E7B36 /* AppDelegate.h */,
				ECE329741B329C48002E7B36 /* AppDelegate.m */,
				ECE329761B329C48002E7B36 /* ViewController.h */,
				ECE329771B329C48002E7B36 /* ViewController.m */,
				ECE329791B329C48002E7B36 /* Main.storyboard */,
				ECE3297C1B329C48002E7B36 /* Images.xcassets */,
				ECE3297E1B329C48002E7B36 /* LaunchScreen.xib */,
				ECE3296F1B329C48002E7B36 /* Supporting Files */,
			);
			path = GHExpParser;
			sourceTree = "<group>";
		};
		ECE3296F1B329C48002E7B36 /* Supporting Files */ = {
			isa = PBXGroup;
			children = (
				ECE329701B329C48002E7B36 /* Info.plist */,
				ECE329711B329C48002E7B36 /* main.m */,
			);
			name = "Supporting Files";
			sourceTree = "<group>";
		};
		ECE329881B329C48002E7B36 /* GHExpParserTests */ = {
			isa = PBXGroup;
			children = (
				ECE3298B1B329C48002E7B36 /* GHExpParserTests.m */,
				ECE329891B329C48002E7B36 /* Supporting Files */,
			);
			path = GHExpParserTests;
			sourceTree = "<group>";
		};
		ECE329891B329C48002E7B36 /* Supporting Files */ = {
			isa = PBXGroup;
			children = (
				ECE3298A1B329C48002E7B36 /* Info.plist */,
			);
			name = "Supporting Files";
			sourceTree = "<group>";
		};
		ECE329951B329CAC002E7B36 /* GHExpParserLib */ = {
			isa = PBXGroup;
			children = (
				ECE329961B329CAC002E7B36 /* GHExpParser.h */,
				ECE329971B329CAC002E7B36 /* GHExpParser.m */,
				ECE329981B329CAC002E7B36 /* GHSingal.h */,
				ECE329991B329CAC002E7B36 /* GHSingal.m */,
			);
			path = GHExpParserLib;
			sourceTree = "<group>";
		};
/* End PBXGroup section */

/* Begin PBXNativeTarget section */
		ECE3296B1B329C48002E7B36 /* GHExpParser */ = {
			isa = PBXNativeTarget;
			buildConfigurationList = ECE3298F1B329C48002E7B36 /* Build configuration list for PBXNativeTarget "GHExpParser" */;
			buildPhases = (
				ECE329681B329C48002E7B36 /* Sources */,
				ECE329691B329C48002E7B36 /* Frameworks */,
				ECE3296A1B329C48002E7B36 /* Resources */,
			);
			buildRules = (
			);
			dependencies = (
			);
			name = GHExpParser;
			productName = GHExpParser;
			productReference = ECE3296C1B329C48002E7B36 /* GHExpParser.app */;
			productType = "com.apple.product-type.application";
		};
		ECE329841B329C48002E7B36 /* GHExpParserTests */ = {
			isa = PBXNativeTarget;
			buildConfigurationList = ECE329921B329C48002E7B36 /* Build configuration list for PBXNativeTarget "GHExpParserTests" */;
			buildPhases = (
				ECE329811B329C48002E7B36 /* Sources */,
				ECE329821B329C48002E7B36 /* Frameworks */,
				ECE329831B329C48002E7B36 /* Resources */,
			);
			buildRules = (
			);
			dependencies = (
				ECE329871B329C48002E7B36 /* PBXTargetDependency */,
			);
			name = GHExpParserTests;
			productName = GHExpParserTests;
			productReference = ECE329851B329C48002E7B36 /* GHExpParserTests.xctest */;
			productType = "com.apple.product-type.bundle.unit-test";
		};
/* End PBXNativeTarget section */

/* Begin PBXProject section */
		ECE329641B329C48002E7B36 /* Project object */ = {
			isa = PBXProject;
			attributes = {
				LastUpgradeCheck = 0620;
				ORGANIZATIONNAME = FengHuang;
				TargetAttributes = {
					ECE3296B1B329C48002E7B36 = {
						CreatedOnToolsVersion = 6.2;
					};
					ECE329841B329C48002E7B36 = {
						CreatedOnToolsVersion = 6.2;
						TestTargetID = ECE3296B1B329C48002E7B36;
					};
				};
			};
			buildConfigurationList = ECE329671B329C48002E7B36 /* Build configuration list for PBXProject "GHExpParser" */;
			compatibilityVersion = "Xcode 3.2";
			developmentRegion = English;
			hasScannedForEncodings = 0;
			knownRegions = (
				en,
				Base,
			);
			mainGroup = ECE329631B329C48002E7B36;
			productRefGroup = ECE3296D1B329C48002E7B36 /* Products */;
			projectDirPath = "";
			projectRoot = "";
			targets = (
				ECE3296B1B329C48002E7B36 /* GHExpParser */,
				ECE329841B329C48002E7B36 /* GHExpParserTests */,
			);
		};
/* End PBXProject section */

/* Begin PBXResourcesBuildPhase section */
		ECE3296A1B329C48002E7B36 /* Resources */ = {
			isa = PBXResourcesBuildPhase;
			buildActionMask = 2147483647;
			files = (
				ECE3297B1B329C48002E7B36 /* Main.storyboard in Resources */,
				ECE329801B329C48002E7B36 /* LaunchScreen.xib in Resources */,
				ECE3297D1B329C48002E7B36 /* Images.xcassets in Resources */,
			);
			runOnlyForDeploymentPostprocessing = 0;
		};
		ECE329831B329C48002E7B36 /* Resources */ = {
			isa = PBXResourcesBuildPhase;
			buildActionMask = 2147483647;
			files = (
			);
			runOnlyForDeploymentPostprocessing = 0;
		};
/* End PBXResourcesBuildPhase section */

/* Begin PBXSourcesBuildPhase section */
		ECE329681B329C48002E7B36 /* Sources */ = {
			isa = PBXSourcesBuildPhase;
			buildActionMask = 2147483647;
			files = (
				ECE329781B329C48002E7B36 /* ViewController.m in Sources */,
				ECE3299A1B329CAC002E7B36 /* GHExpParser.m in Sources */,
				ECE3299B1B329CAC002E7B36 /* GHSingal.m in Sources */,
				ECE329751B329C48002E7B36 /* AppDelegate.m in Sources */,
				ECE329721B329C48002E7B36 /* main.m in Sources */,
			);
			runOnlyForDeploymentPostprocessing = 0;
		};
		ECE329811B329C48002E7B36 /* Sources */ = {
			isa = PBXSourcesBuildPhase;
			buildActionMask = 2147483647;
			files = (
				ECE3298C1B329C48002E7B36 /* GHExpParserTests.m in Sources */,
			);
			runOnlyForDeploymentPostprocessing = 0;
		};
/* End PBXSourcesBuildPhase section */

/* Begin PBXTargetDependency section */
		ECE329871B329C48002E7B36 /* PBXTargetDependency */ = {
			isa = PBXTargetDependency;
			target = ECE3296B1B329C48002E7B36 /* GHExpParser */;
			targetProxy = ECE329861B329C48002E7B36 /* PBXContainerItemProxy */;
		};
/* End PBXTargetDependency section */

/* Begin PBXVariantGroup section */
		ECE329791B329C48002E7B36 /* Main.storyboard */ = {
			isa = PBXVariantGroup;
			children = (
				ECE3297A1B329C48002E7B36 /* Base */,
			);
			name = Main.storyboard;
			sourceTree = "<group>";
		};
		ECE3297E1B329C48002E7B36 /* LaunchScreen.xib */ = {
			isa = PBXVariantGroup;
			children = (
				ECE3297F1B329C48002E7B36 /* Base */,
			);
			name = LaunchScreen.xib;
			sourceTree = "<group>";
		};
/* End PBXVariantGroup section */

/* Begin XCBuildConfiguration section */
		ECE3298D1B329C48002E7B36 /* Debug */ = {
			isa = XCBuildConfiguration;
			buildSettings = {
				ALWAYS_SEARCH_USER_PATHS = NO;
				CLANG_CXX_LANGUAGE_STANDARD = "gnu++0x";
				CLANG_CXX_LIBRARY = "libc++";
				CLANG_ENABLE_MODULES = YES;
				CLANG_ENABLE_OBJC_ARC = YES;
				CLANG_WARN_BOOL_CONVERSION = YES;
				CLANG_WARN_CONSTANT_CONVERSION = YES;
				CLANG_WARN_DIRECT_OBJC_ISA_USAGE = YES_ERROR;
				CLANG_WARN_EMPTY_BODY = YES;
				CLANG_WARN_ENUM_CONVERSION = YES;
				CLANG_WARN_INT_CONVERSION = YES;
				CLANG_WARN_OBJC_ROOT_CLASS = YES_ERROR;
				CLANG_WARN_UNREACHABLE_CODE = YES;
				CLANG_WARN__DUPLICATE_METHOD_MATCH = YES;
				"CODE_SIGN_IDENTITY[sdk=iphoneos*]" = "iPhone Developer";
				COPY_PHASE_STRIP = NO;
				ENABLE_STRICT_OBJC_MSGSEND = YES;
				GCC_C_LANGUAGE_STANDARD = gnu99;
				GCC_DYNAMIC_NO_PIC = NO;
				GCC_OPTIMIZATION_LEVEL = 0;
				GCC_PREPROCESSOR_DEFINITIONS = (
					"DEBUG=1",
					"$(inherited)",
				);
				GCC_SYMBOLS_PRIVATE_EXTERN = NO;
				GCC_WARN_64_TO_32_BIT_CONVERSION = YES;
				GCC_WARN_ABOUT_RETURN_TYPE = YES_ERROR;
				GCC_WARN_UNDECLARED_SELECTOR = YES;
				GCC_WARN_UNINITIALIZED_AUTOS = YES_AGGRESSIVE;
				GCC_WARN_UNUSED_FUNCTION = YES;
				GCC_WARN_UNUSED_VARIABLE = YES;
				IPHONEOS_DEPLOYMENT_TARGET = 8.2;
				MTL_ENABLE_DEBUG_INFO = YES;
				ONLY_ACTIVE_ARCH = YES;
				SDKROOT = iphoneos;
				TARGETED_DEVICE_FAMILY = "1,2";
			};
			name = Debug;
		};
		ECE3298E1B329C48002E7B36 /* Release */ = {
			isa = XCBuildConfiguration;
			buildSettings = {
				ALWAYS_SEARCH_USER_PATHS = NO;
				CLANG_CXX_LANGUAGE_STANDARD = "gnu++0x";
				CLANG_CXX_LIBRARY = "libc++";
				CLANG_ENABLE_MODULES = YES;
				CLANG_ENABLE_OBJC_ARC = YES;
				CLANG_WARN_BOOL_CONVERSION = YES;
				CLANG_WARN_CONSTANT_CONVERSION = YES;
				CLANG_WARN_DIRECT_OBJC_ISA_USAGE = YES_ERROR;
				CLANG_WARN_EMPTY_BODY = YES;
				CLANG_WARN_ENUM_CONVERSION = YES;
				CLANG_WARN_INT_CONVERSION = YES;
				CLANG_WARN_OBJC_ROOT_CLASS = YES_ERROR;
				CLANG_WARN_UNREACHABLE_CODE = YES;
				CLANG_WARN__DUPLICATE_METHOD_MATCH = YES;
				"CODE_SIGN_IDENTITY[sdk=iphoneos*]" = "iPhone Developer";
				COPY_PHASE_STRIP = NO;
				ENABLE_NS_ASSERTIONS = NO;
				ENABLE_STRICT_OBJC_MSGSEND = YES;
				GCC_C_LANGUAGE_STANDARD = gnu99;
				GCC_WARN_64_TO_32_BIT_CONVERSION = YES;
				GCC_WARN_ABOUT_RETURN_TYPE = YES_ERROR;
				GCC_WARN_UNDECLARED_SELECTOR = YES;
				GCC_WARN_UNINITIALIZED_AUTOS = YES_AGGRESSIVE;
				GCC_WARN_UNUSED_FUNCTION = YES;
				GCC_WARN_UNUSED_VARIABLE = YES;
				IPHONEOS_DEPLOYMENT_TARGET = 8.2;
				MTL_ENABLE_DEBUG_INFO = NO;
				SDKROOT = iphoneos;
				TARGETED_DEVICE_FAMILY = "1,2";
				VALIDATE_PRODUCT = YES;
			};
			name = Release;
		};
		ECE329901B329C48002E7B36 /* Debug */ = {
			isa = XCBuildConfiguration;
			buildSettings = {
				ASSETCATALOG_COMPILER_APPICON_NAME = AppIcon;
				INFOPLIST_FILE = GHExpParser/Info.plist;
				LD_RUNPATH_SEARCH_PATHS = "$(inherited) @executable_path/Frameworks";
				PRODUCT_NAME = "$(TARGET_NAME)";
			};
			name = Debug;
		};
		ECE329911B329C48002E7B36 /* Release */ = {
			isa = XCBuildConfiguration;
			buildSettings = {
				ASSETCATALOG_COMPILER_APPICON_NAME = AppIcon;
				INFOPLIST_FILE = GHExpParser/Info.plist;
				LD_RUNPATH_SEARCH_PATHS = "$(inherited) @executable_path/Frameworks";
				PRODUCT_NAME = "$(TARGET_NAME)";
			};
			name = Release;
		};
		ECE329931B329C48002E7B36 /* Debug */ = {
			isa = XCBuildConfiguration;
			buildSettings = {
				BUNDLE_LOADER = "$(TEST_HOST)";
				FRAMEWORK_SEARCH_PATHS = (
					"$(SDKROOT)/Developer/Library/Frameworks",
					"$(inherited)",
				);
				GCC_PREPROCESSOR_DEFINITIONS = (
					"DEBUG=1",
					"$(inherited)",
				);
				INFOPLIST_FILE = GHExpParserTests/Info.plist;
				LD_RUNPATH_SEARCH_PATHS = "$(inherited) @executable_path/Frameworks @loader_path/Frameworks";
				PRODUCT_NAME = "$(TARGET_NAME)";
				TEST_HOST = "$(BUILT_PRODUCTS_DIR)/GHExpParser.app/GHExpParser";
			};
			name = Debug;
		};
		ECE329941B329C48002E7B36 /* Release */ = {
			isa = XCBuildConfiguration;
			buildSettings = {
				BUNDLE_LOADER = "$(TEST_HOST)";
				FRAMEWORK_SEARCH_PATHS = (
					"$(SDKROOT)/Developer/Library/Frameworks",
					"$(inherited)",
				);
				INFOPLIST_FILE = GHExpParserTests/Info.plist;
				LD_RUNPATH_SEARCH_PATHS = "$(inherited) @executable_path/Frameworks @loader_path/Frameworks";
				PRODUCT_NAME = "$(TARGET_NAME)";
				TEST_HOST = "$(BUILT_PRODUCTS_DIR)/GHExpParser.app/GHExpParser";
			};
			name = Release;
		};
/* End XCBuildConfiguration section */

/* Begin XCConfigurationList section */
		ECE329671B329C48002E7B36 /* Build configuration list for PBXProject "GHExpParser" */ = {
			isa = XCConfigurationList;
			buildConfigurations = (
				ECE3298D1B329C48002E7B36 /* Debug */,
				ECE3298E1B329C48002E7B36 /* Release */,
			);
			defaultConfigurationIsVisible = 0;
			defaultConfigurationName = Release;
		};
		ECE3298F1B329C48002E7B36 /* Build configuration list for PBXNativeTarget "GHExpParser" */ = {
			isa = XCConfigurationList;
			buildConfigurations = (
				ECE329901B329C48002E7B36 /* Debug */,
				ECE329911B329C48002E7B36 /* Release */,
			);
			defaultConfigurationIsVisible = 0;
		};
		ECE329921B329C48002E7B36 /* Build configuration list for PBXNativeTarget "GHExpParserTests" */ = {
			isa = XCConfigurationList;
			buildConfigurations = (
				ECE329931B329C48002E7B36 /* Debug */,
				ECE329941B329C48002E7B36 /* Release */,
			);
			defaultConfigurationIsVisible = 0;
		};
/* End XCConfigurationList section */
	};
	rootObject = ECE329641B329C48002E7B36 /* Project object */;
}
